
Microsoft Visual Studio Solution File, Format Version 12.00
# Visual Studio Version 17
VisualStudioVersion = 17.0.31903.59
MinimumVisualStudioVersion = 10.0.40219.1
Project("{2150E333-8FDC-42A3-9474-1A3956D46DE8}") = "src", "src", "{B8CED453-F73B-45C0-8C02-585A262A2CDA}"
EndProject
Project("{2150E333-8FDC-42A3-9474-1A3956D46DE8}") = "gateway", "gateway", "{8359AAC1-CFC2-4158-BD4B-AE447ABF0778}"
EndProject
Project("{FAE04EC0-301F-11D3-BF4B-00C04F79EFBC}") = "Exvo.ApiGateway", "src\gateway\Exvo.ApiGateway\Exvo.ApiGateway.csproj", "{85C337F9-C109-4556-AB18-3F6DF45CAE07}"
EndProject
Project("{2150E333-8FDC-42A3-9474-1A3956D46DE8}") = "services", "services", "{4B76CB0A-2080-4AC7-BA4A-C0020B530C21}"
EndProject
Project("{FAE04EC0-301F-11D3-BF4B-00C04F79EFBC}") = "Exvo.CatalogService", "src\services\CatalogService\Exvo.CatalogService.csproj", "{9B0BB3CB-3D7F-47DE-BA0D-317324B9C5A3}"
EndProject
Project("{FAE04EC0-301F-11D3-BF4B-00C04F79EFBC}") = "Exvo.BookingService", "src\services\BookingService\Exvo.BookingService.csproj", "{7F98A058-7A3D-45CE-A75C-EDF9DFE6F0C0}"
EndProject
Project("{FAE04EC0-301F-11D3-BF4B-00C04F79EFBC}") = "Exvo.TicketService", "src\services\TicketService\Exvo.TicketService.csproj", "{C5EA2234-F078-4592-A346-3D022AE678A6}"
EndProject
Project("{FAE04EC0-301F-11D3-BF4B-00C04F79EFBC}") = "Exvo.CheckInService", "src\services\CheckInService\Exvo.CheckInService.csproj", "{1DB05AD3-9E06-4E17-8D88-9670E89A2B73}"
EndProject
Project("{2150E333-8FDC-42A3-9474-1A3956D46DE8}") = "shared", "shared", "{D1744DE6-F2DF-47A1-81A3-DB9CD914DCFB}"
EndProject
Project("{FAE04EC0-301F-11D3-BF4B-00C04F79EFBC}") = "Exvo.Shared", "src\shared\Exvo.Shared\Exvo.Shared.csproj", "{28491417-F083-4C8C-B245-236DF37FE995}"
EndProject
Project("{2150E333-8FDC-42A3-9474-1A3956D46DE8}") = "tests", "tests", "{F213A96B-555C-4112-BF77-E096FECF9B0D}"
EndProject
Project("{FAE04EC0-301F-11D3-BF4B-00C04F79EFBC}") = "Exvo.AuthService.Tests", "tests\AuthService.Tests\Exvo.AuthService.Tests.csproj", "{3A4C1B06-FAB5-4B85-8D07-ED979D0376DD}"
EndProject
Project("{FAE04EC0-301F-11D3-BF4B-00C04F79EFBC}") = "Exvo.BookingService.Tests", "tests\BookingService.Tests\Exvo.BookingService.Tests.csproj", "{21F94ABF-BEFD-45CF-83FA-204E3F3AA109}"
EndProject
Project("{FAE04EC0-301F-11D3-BF4B-00C04F79EFBC}") = "ExvoAuthService", "src\services\AuthService\ExvoAuthService.csproj", "{F23BB14D-4462-49B6-8F09-731C8D28A64D}"
EndProject
Global
	GlobalSection(SolutionConfigurationPlatforms) = preSolution
		Debug|Any CPU = Debug|Any CPU
		Release|Any CPU = Release|Any CPU
	EndGlobalSection
	GlobalSection(SolutionProperties) = preSolution
		HideSolutionNode = FALSE
	EndGlobalSection
	GlobalSection(ProjectConfigurationPlatforms) = postSolution
		{85C337F9-C109-4556-AB18-3F6DF45CAE07}.Debug|Any CPU.ActiveCfg = Debug|Any CPU
		{85C337F9-C109-4556-AB18-3F6DF45CAE07}.Debug|Any CPU.Build.0 = Debug|Any CPU
		{85C337F9-C109-4556-AB18-3F6DF45CAE07}.Release|Any CPU.ActiveCfg = Release|Any CPU
		{85C337F9-C109-4556-AB18-3F6DF45CAE07}.Release|Any CPU.Build.0 = Release|Any CPU
		{9B0BB3CB-3D7F-47DE-BA0D-317324B9C5A3}.Debug|Any CPU.ActiveCfg = Debug|Any CPU
		{9B0BB3CB-3D7F-47DE-BA0D-317324B9C5A3}.Debug|Any CPU.Build.0 = Debug|Any CPU
		{9B0BB3CB-3D7F-47DE-BA0D-317324B9C5A3}.Release|Any CPU.ActiveCfg = Release|Any CPU
		{9B0BB3CB-3D7F-47DE-BA0D-317324B9C5A3}.Release|Any CPU.Build.0 = Release|Any CPU
		{7F98A058-7A3D-45CE-A75C-EDF9DFE6F0C0}.Debug|Any CPU.ActiveCfg = Debug|Any CPU
		{7F98A058-7A3D-45CE-A75C-EDF9DFE6F0C0}.Debug|Any CPU.Build.0 = Debug|Any CPU
		{7F98A058-7A3D-45CE-A75C-EDF9DFE6F0C0}.Release|Any CPU.ActiveCfg = Release|Any CPU
		{7F98A058-7A3D-45CE-A75C-EDF9DFE6F0C0}.Release|Any CPU.Build.0 = Release|Any CPU
		{C5EA2234-F078-4592-A346-3D022AE678A6}.Debug|Any CPU.ActiveCfg = Debug|Any CPU
		{C5EA2234-F078-4592-A346-3D022AE678A6}.Debug|Any CPU.Build.0 = Debug|Any CPU
		{C5EA2234-F078-4592-A346-3D022AE678A6}.Release|Any CPU.ActiveCfg = Release|Any CPU
		{C5EA2234-F078-4592-A346-3D022AE678A6}.Release|Any CPU.Build.0 = Release|Any CPU
		{1DB05AD3-9E06-4E17-8D88-9670E89A2B73}.Debug|Any CPU.ActiveCfg = Debug|Any CPU
		{1DB05AD3-9E06-4E17-8D88-9670E89A2B73}.Debug|Any CPU.Build.0 = Debug|Any CPU
		{1DB05AD3-9E06-4E17-8D88-9670E89A2B73}.Release|Any CPU.ActiveCfg = Release|Any CPU
		{1DB05AD3-9E06-4E17-8D88-9670E89A2B73}.Release|Any CPU.Build.0 = Release|Any CPU
		{28491417-F083-4C8C-B245-236DF37FE995}.Debug|Any CPU.ActiveCfg = Debug|Any CPU
		{28491417-F083-4C8C-B245-236DF37FE995}.Debug|Any CPU.Build.0 = Debug|Any CPU
		{28491417-F083-4C8C-B245-236DF37FE995}.Release|Any CPU.ActiveCfg = Release|Any CPU
		{28491417-F083-4C8C-B245-236DF37FE995}.Release|Any CPU.Build.0 = Release|Any CPU
		{3A4C1B06-FAB5-4B85-8D07-ED979D0376DD}.Debug|Any CPU.ActiveCfg = Debug|Any CPU
		{3A4C1B06-FAB5-4B85-8D07-ED979D0376DD}.Debug|Any CPU.Build.0 = Debug|Any CPU
		{3A4C1B06-FAB5-4B85-8D07-ED979D0376DD}.Release|Any CPU.ActiveCfg = Release|Any CPU
		{3A4C1B06-FAB5-4B85-8D07-ED979D0376DD}.Release|Any CPU.Build.0 = Release|Any CPU
		{21F94ABF-BEFD-45CF-83FA-204E3F3AA109}.Debug|Any CPU.ActiveCfg = Debug|Any CPU
		{21F94ABF-BEFD-45CF-83FA-204E3F3AA109}.Debug|Any CPU.Build.0 = Debug|Any CPU
		{21F94ABF-BEFD-45CF-83FA-204E3F3AA109}.Release|Any CPU.ActiveCfg = Release|Any CPU
		{21F94ABF-BEFD-45CF-83FA-204E3F3AA109}.Release|Any CPU.Build.0 = Release|Any CPU
		{F23BB14D-4462-49B6-8F09-731C8D28A64D}.Debug|Any CPU.ActiveCfg = Debug|Any CPU
		{F23BB14D-4462-49B6-8F09-731C8D28A64D}.Debug|Any CPU.Build.0 = Debug|Any CPU
		{F23BB14D-4462-49B6-8F09-731C8D28A64D}.Release|Any CPU.ActiveCfg = Release|Any CPU
		{F23BB14D-4462-49B6-8F09-731C8D28A64D}.Release|Any CPU.Build.0 = Release|Any CPU
	EndGlobalSection
	GlobalSection(NestedProjects) = preSolution
		{8359AAC1-CFC2-4158-BD4B-AE447ABF0778} = {B8CED453-F73B-45C0-8C02-585A262A2CDA}
		{85C337F9-C109-4556-AB18-3F6DF45CAE07} = {8359AAC1-CFC2-4158-BD4B-AE447ABF0778}
		{4B76CB0A-2080-4AC7-BA4A-C0020B530C21} = {B8CED453-F73B-45C0-8C02-585A262A2CDA}
		{9B0BB3CB-3D7F-47DE-BA0D-317324B9C5A3} = {4B76CB0A-2080-4AC7-BA4A-C0020B530C21}
		{7F98A058-7A3D-45CE-A75C-EDF9DFE6F0C0} = {4B76CB0A-2080-4AC7-BA4A-C0020B530C21}
		{C5EA2234-F078-4592-A346-3D022AE678A6} = {4B76CB0A-2080-4AC7-BA4A-C0020B530C21}
		{1DB05AD3-9E06-4E17-8D88-9670E89A2B73} = {4B76CB0A-2080-4AC7-BA4A-C0020B530C21}
		{D1744DE6-F2DF-47A1-81A3-DB9CD914DCFB} = {B8CED453-F73B-45C0-8C02-585A262A2CDA}
		{28491417-F083-4C8C-B245-236DF37FE995} = {D1744DE6-F2DF-47A1-81A3-DB9CD914DCFB}
		{3A4C1B06-FAB5-4B85-8D07-ED979D0376DD} = {F213A96B-555C-4112-BF77-E096FECF9B0D}
		{21F94ABF-BEFD-45CF-83FA-204E3F3AA109} = {F213A96B-555C-4112-BF77-E096FECF9B0D}
		{F23BB14D-4462-49B6-8F09-731C8D28A64D} = {4B76CB0A-2080-4AC7-BA4A-C0020B530C21}
	EndGlobalSection
EndGlobal
